{
    "_meta": {
        "hash": {
            "sha256": "e0ca6dcabe18fd088cff1e3372af0ad235b1ecfd5c8135a69ff3a0f2ff178172"
        },
        "pipfile-spec": 6,
        "requires": {
            "python_version": "3.6"
        },
        "sources": [
            {
                "name": "pypi",
                "url": "https://pypi.org/simple",
                "verify_ssl": true
            }
        ]
    },
    "default": {
        "dataclasses": {
            "hashes": [
                "sha256:454a69d788c7fda44efd71e259be79577822f5e3f53f029a22d08004e951dc9f",
                "sha256:6988bd2b895eef432d562370bb707d540f32f7360ab13da45340101bc2307d84"
            ],
            "index": "pypi",
            "markers": "python_version < '3.7'",
            "version": "==0.6"
        }
    },
    "develop": {}
}
